{
  "object": {
    "pins": [
      {
        "package": "ANSIEscapeCode",
        "repositoryURL": "https://github.com/flintbox/ANSIEscapeCode",
        "state": {
          "branch": null,
          "revision": "892f5f3067ea4c029af05cb45efb3b6a3be2f838",
          "version": "0.1.1"
        }
      }
    ]
  },
  "version": 1
}
